# THIS IS AN AUTOGENERATED FILE. DO NOT EDIT THIS FILE DIRECTLY.
# yarn lockfile v1


"@next/env@12.2.1-canary.1":
  version "12.2.1-canary.1"
  resolved "https://registry.yarnpkg.com/@next/env/-/env-12.2.1-canary.1.tgz#291d5fbd3eed047145261e7b93058607fce5c9e3"
  integrity sha512-NK0zbXSy7PXf0+7H7GcoKrL/LgGIKmrCliwgqlvdsB0qLzDIPBZ98bvUsZuIszUN05FD9fWzOAXUOWi3eUj9sg==

"@next/swc-android-arm-eabi@12.2.1-canary.1":
  version "12.2.1-canary.1"
  resolved "https://registry.yarnpkg.com/@next/swc-android-arm-eabi/-/swc-android-arm-eabi-12.2.1-canary.1.tgz#fef71d3839a913d6b676bf599abb895e546fdc73"
  integrity sha512-FgyA3hjhJHVFUIDIsuu44L/3xHsCnbILVEsVxaHoeIoFW+1mPAPWyLEcUFMysqa8BSdbtj4lROFKkM6czgIWeQ==

"@next/swc-android-arm64@12.2.1-canary.1":
  version "12.2.1-canary.1"
  resolved "https://registry.yarnpkg.com/@next/swc-android-arm64/-/swc-android-arm64-12.2.1-canary.1.tgz#4f4b66e22c7aece9ecd73b553e027cb7ee6291ce"
  integrity sha512-nQ7+IOfY+f1YACSm/CQzxvEoW1uzk0oNwV4WlKf/NJQT6FiLSVlU8IOlrBJlYAtZxp2OOAL+S94E1/n0oNLNMw==

"@next/swc-darwin-arm64@12.2.1-canary.1":
  version "12.2.1-canary.1"
  resolved "https://registry.yarnpkg.com/@next/swc-darwin-arm64/-/swc-darwin-arm64-12.2.1-canary.1.tgz#2b2f587e1030b7f6bffa9980b6ab962474c3beff"
  integrity sha512-pBFS1bPp9KmfG7eGaXK3+aWlx3udYXQ7VxwlzOHhWu4RZFiGb6ghUtFwGCnOogYnFrjDmkYKp69JRJ77oY1lsg==

"@next/swc-darwin-x64@12.2.1-canary.1":
  version "12.2.1-canary.1"
  resolved "https://registry.yarnpkg.com/@next/swc-darwin-x64/-/swc-darwin-x64-12.2.1-canary.1.tgz#e86546f5defaf85df61e4c0eba29e8bfc459a59e"
  integrity sha512-AjfyQRUG6a5g/sqeJAg3z3WQwtC3wa2FOo5BhOTgs64NubGtSGVKLWfshDW0+aWyJpWARb1z4vYE15hsPxnBGQ==

"@next/swc-freebsd-x64@12.2.1-canary.1":
  version "12.2.1-canary.1"
  resolved "https://registry.yarnpkg.com/@next/swc-freebsd-x64/-/swc-freebsd-x64-12.2.1-canary.1.tgz#9c5e64563165f9d54311ae030df9c953f5d59ec0"
  integrity sha512-npzsn65r28zQDPZotu1p+qP/aI2J9bsPwQ96AATU/RbXWC0YuXWlqrFZwW9Z9qP9WErERzG/2/3Iph4huP3FrA==

"@next/swc-linux-arm-gnueabihf@12.2.1-canary.1":
  version "12.2.1-canary.1"
  resolved "https://registry.yarnpkg.com/@next/swc-linux-arm-gnueabihf/-/swc-linux-arm-gnueabihf-12.2.1-canary.1.tgz#195efa1f37583179aec7fce225df87591a213bb9"
  integrity sha512-pDDF8ZUfZhNY8sSmkyJo/lACPuTB1kLNH//k3WmuLnAZcUexG5xbRUlC9qKx9lVyyC0zBRyKdyExnwtQp7TX+g==

"@next/swc-linux-arm64-gnu@12.2.1-canary.1":
  version "12.2.1-canary.1"
  resolved "https://registry.yarnpkg.com/@next/swc-linux-arm64-gnu/-/swc-linux-arm64-gnu-12.2.1-canary.1.tgz#6eaf400b287bae84728aebcc1b7c95426b4b1116"
  integrity sha512-UO+03cuE/WrdLRpCoIVK/HTQrNDhM4sTp4gufnzTQpmtiMroJbzCBg9739DZmDugfbenlWNpuIgkby3BKVZvug==

"@next/swc-linux-arm64-musl@12.2.1-canary.1":
  version "12.2.1-canary.1"
  resolved "https://registry.yarnpkg.com/@next/swc-linux-arm64-musl/-/swc-linux-arm64-musl-12.2.1-canary.1.tgz#4e13252bbc7ba2d8e1a6633470025499038719b8"
  integrity sha512-2Fyqs9FuyzDXJ4WKcR1tzn8e55IzbRyDGSnWkG9yejl28ZUPuCoTlt3MfxDEQy2DiDKH3txVWgXEQTHn8YI22Q==

"@next/swc-linux-x64-gnu@12.2.1-canary.1":
  version "12.2.1-canary.1"
  resolved "https://registry.yarnpkg.com/@next/swc-linux-x64-gnu/-/swc-linux-x64-gnu-12.2.1-canary.1.tgz#c918e382bc583a3a91ab9d10c65339dfe58d6e04"
  integrity sha512-xkcL4AMpXv+QnyOacev2RtBPyb6kZKlqe4+a1LA54h4p1zuA/GubcnYmJN1FEcilpqaetjjsFqSkmLU4VdSOuA==

"@next/swc-linux-x64-musl@12.2.1-canary.1":
  version "12.2.1-canary.1"
  resolved "https://registry.yarnpkg.com/@next/swc-linux-x64-musl/-/swc-linux-x64-musl-12.2.1-canary.1.tgz#bd44e8ecaf8cb5a38cd5e6f3a1b1d36ad364b937"
  integrity sha512-tLTBkjxuQUP1Pu/xS9OBuK7HeuhbWC2LS2XINi2PLm/Z+/q18JbalbwXCryjK1rO4Kp5ZBNiH9LohevGF6cbXA==

"@next/swc-win32-arm64-msvc@12.2.1-canary.1":
  version "12.2.1-canary.1"
  resolved "https://registry.yarnpkg.com/@next/swc-win32-arm64-msvc/-/swc-win32-arm64-msvc-12.2.1-canary.1.tgz#251647086e63fbf6cef7721c3b2077f915fb70c6"
  integrity sha512-D2BMXNn4zNJnW6Xh9emurM8kejxisTTI6sRiO728sktllItSMDVpDFHWJ4USPd77stuMAIeDWQYcTBgrvhbqVg==

"@next/swc-win32-ia32-msvc@12.2.1-canary.1":
  version "12.2.1-canary.1"
  resolved "https://registry.yarnpkg.com/@next/swc-win32-ia32-msvc/-/swc-win32-ia32-msvc-12.2.1-canary.1.tgz#29f33b23353f210a9e242e675647b2278b16bb0d"
  integrity sha512-eJW/Hmf/DdlDmzLeX9eubTfAUtX2+PyA0wv+Mm4zOI9LAT/aHuE74Dd0c3PlJSSHk3yY/lQFrggi0r+obYfx/w==

"@next/swc-win32-x64-msvc@12.2.1-canary.1":
  version "12.2.1-canary.1"
  resolved "https://registry.yarnpkg.com/@next/swc-win32-x64-msvc/-/swc-win32-x64-msvc-12.2.1-canary.1.tgz#fe15429786b3a02252bc012b5d7faffa6b05fbce"
  integrity sha512-d4+e4VxD9iiBwA3RuXJU+D2ObnrOk9Sz2P6j+iE8PvHSg59+l8aAhLITz5QT50RDNlFLpsdPLwrl+Tl6tJ0yHA==

"@swc/helpers@0.4.2":
  version "0.4.2"
  resolved "https://registry.yarnpkg.com/@swc/helpers/-/helpers-0.4.2.tgz#ed1f6997ffbc22396665d9ba74e2a5c0a2d782f8"
  integrity sha512-556Az0VX7WR6UdoTn4htt/l3zPQ7bsQWK+HqdG4swV7beUCxo/BqmvbOpUkTIm/9ih86LIf1qsUnywNL3obGHw==
  dependencies:
    tslib "^2.4.0"

"@types/node@^18.0.0":
  version "18.0.0"
  resolved "https://registry.yarnpkg.com/@types/node/-/node-18.0.0.tgz#67c7b724e1bcdd7a8821ce0d5ee184d3b4dd525a"
  integrity sha512-cHlGmko4gWLVI27cGJntjs/Sj8th9aYwplmZFwmmgYQQvL5NUsgVJG7OddLvNfLqYS31KFN0s3qlaD9qCaxACA==

"@types/prop-types@*":
  version "15.7.5"
  resolved "https://registry.yarnpkg.com/@types/prop-types/-/prop-types-15.7.5.tgz#5f19d2b85a98e9558036f6a3cacc8819420f05cf"
  integrity sha512-JCB8C6SnDoQf0cNycqd/35A7MjcnK+ZTqE7judS6o7utxUCg6imJg3QK2qzHKszlTjcj2cn+NwMB2i96ubpj7w==

"@types/react@^18.0.14":
  version "18.0.14"
  resolved "https://registry.yarnpkg.com/@types/react/-/react-18.0.14.tgz#e016616ffff51dba01b04945610fe3671fdbe06d"
  integrity sha512-x4gGuASSiWmo0xjDLpm5mPb52syZHJx02VKbqUKdLmKtAwIh63XClGsiTI1K6DO5q7ox4xAsQrU+Gl3+gGXF9Q==
  dependencies:
    "@types/prop-types" "*"
    "@types/scheduler" "*"
    csstype "^3.0.2"

"@types/scheduler@*":
  version "0.16.2"
  resolved "https://registry.yarnpkg.com/@types/scheduler/-/scheduler-0.16.2.tgz#1a62f89525723dde24ba1b01b092bf5df8ad4d39"
  integrity sha512-hppQEBDmlwhFAXKJX2KnWLYu5yMfi91yazPb2l+lbJiwW+wdo1gNeRA+3RgNSO39WYX2euey41KEwnqesU2Jew==

caniuse-lite@^1.0.30001332:
  version "1.0.30001361"
  resolved "https://registry.yarnpkg.com/caniuse-lite/-/caniuse-lite-1.0.30001361.tgz#ba2adb2527566fb96f3ac7c67698ae7fc495a28d"
  integrity sha512-ybhCrjNtkFji1/Wto6SSJKkWk6kZgVQsDq5QI83SafsF6FXv2JB4df9eEdH6g8sdGgqTXrFLjAxqBGgYoU3azQ==

csstype@^3.0.2:
  version "3.1.0"
  resolved "https://registry.yarnpkg.com/csstype/-/csstype-3.1.0.tgz#4ddcac3718d787cf9df0d1b7d15033925c8f29f2"
  integrity sha512-uX1KG+x9h5hIJsaKR9xHUeUraxf8IODOwq9JLNPq6BwB04a/xgpq3rcx47l5BZu5zBPlgD342tdke3Hom/nJRA==

"js-tokens@^3.0.0 || ^4.0.0":
  version "4.0.0"
  resolved "https://registry.yarnpkg.com/js-tokens/-/js-tokens-4.0.0.tgz#19203fb59991df98e3a287050d4647cdeaf32499"
  integrity sha512-RdJUflcE3cUzKiMqQgsCu06FPu9UdIJO0beYbPhHN4k6apgJtifcoCtT9bcxOpYBtpD2kCM6Sbzg4CausW/PKQ==

loose-envify@^1.1.0:
  version "1.4.0"
  resolved "https://registry.yarnpkg.com/loose-envify/-/loose-envify-1.4.0.tgz#71ee51fa7be4caec1a63839f7e682d8132d30caf"
  integrity sha512-lyuxPGr/Wfhrlem2CL/UcnUc1zcqKAImBDzukY7Y5F/yQiNdko6+fRLevlw1HgMySw7f611UIY408EtxRSoK3Q==
  dependencies:
    js-tokens "^3.0.0 || ^4.0.0"

nanoid@^3.1.30:
  version "3.3.4"
  resolved "https://registry.yarnpkg.com/nanoid/-/nanoid-3.3.4.tgz#730b67e3cd09e2deacf03c027c81c9d9dbc5e8ab"
  integrity sha512-MqBkQh/OHTS2egovRtLk45wEyNXwF+cokD+1YPf9u5VfJiRdAiRwB2froX5Co9Rh20xs4siNPm8naNotSD6RBw==

next@canary:
  version "12.2.1-canary.1"
  resolved "https://registry.yarnpkg.com/next/-/next-12.2.1-canary.1.tgz#486b42d5f334af5729975e0821d5ae67966af815"
  integrity sha512-JQWAxv7cw6ntlORh4B86KS3qVelEeqbH8ficiBk5vgi/xBuJYUKbC+U0Qk+zJIbKyf0ujXjE+aFVGaF9KEqQJA==
  dependencies:
    "@next/env" "12.2.1-canary.1"
    "@swc/helpers" "0.4.2"
    caniuse-lite "^1.0.30001332"
    postcss "8.4.5"
    styled-jsx "5.0.2"
    use-sync-external-store "1.1.0"
  optionalDependencies:
    "@next/swc-android-arm-eabi" "12.2.1-canary.1"
    "@next/swc-android-arm64" "12.2.1-canary.1"
    "@next/swc-darwin-arm64" "12.2.1-canary.1"
    "@next/swc-darwin-x64" "12.2.1-canary.1"
    "@next/swc-freebsd-x64" "12.2.1-canary.1"
    "@next/swc-linux-arm-gnueabihf" "12.2.1-canary.1"
    "@next/swc-linux-arm64-gnu" "12.2.1-canary.1"
    "@next/swc-linux-arm64-musl" "12.2.1-canary.1"
    "@next/swc-linux-x64-gnu" "12.2.1-canary.1"
    "@next/swc-linux-x64-musl" "12.2.1-canary.1"
    "@next/swc-win32-arm64-msvc" "12.2.1-canary.1"
    "@next/swc-win32-ia32-msvc" "12.2.1-canary.1"
    "@next/swc-win32-x64-msvc" "12.2.1-canary.1"

picocolors@^1.0.0:
  version "1.0.0"
  resolved "https://registry.yarnpkg.com/picocolors/-/picocolors-1.0.0.tgz#cb5bdc74ff3f51892236eaf79d68bc44564ab81c"
  integrity sha512-1fygroTLlHu66zi26VoTDv8yRgm0Fccecssto+MhsZ0D/DGW2sm8E8AjW7NU5VVTRt5GxbeZ5qBuJr+HyLYkjQ==

postcss@8.4.5:
  version "8.4.5"
  resolved "https://registry.yarnpkg.com/postcss/-/postcss-8.4.5.tgz#bae665764dfd4c6fcc24dc0fdf7e7aa00cc77f95"
  integrity sha512-jBDboWM8qpaqwkMwItqTQTiFikhs/67OYVvblFFTM7MrZjt6yMKd6r2kgXizEbTTljacm4NldIlZnhbjr84QYg==
  dependencies:
    nanoid "^3.1.30"
    picocolors "^1.0.0"
    source-map-js "^1.0.1"

react-dom@^18.2.0:
  version "18.2.0"
  resolved "https://registry.yarnpkg.com/react-dom/-/react-dom-18.2.0.tgz#22aaf38708db2674ed9ada224ca4aa708d821e3d"
  integrity sha512-6IMTriUmvsjHUjNtEDudZfuDQUoWXVxKHhlEGSk81n4YFS+r/Kl99wXiwlVXtPBtJenozv2P+hxDsw9eA7Xo6g==
  dependencies:
    loose-envify "^1.1.0"
    scheduler "^0.23.0"

react@^18.2.0:
  version "18.2.0"
  resolved "https://registry.yarnpkg.com/react/-/react-18.2.0.tgz#555bd98592883255fa00de14f1151a917b5d77d5"
  integrity sha512-/3IjMdb2L9QbBdWiW5e3P2/npwMBaU9mHCSCUzNln0ZCYbcfTsGbTJrU/kGemdH2IWmB2ioZ+zkxtmq6g09fGQ==
  dependencies:
    loose-envify "^1.1.0"

scheduler@^0.23.0:
  version "0.23.0"
  resolved "https://registry.yarnpkg.com/scheduler/-/scheduler-0.23.0.tgz#ba8041afc3d30eb206a487b6b384002e4e61fdfe"
  integrity sha512-CtuThmgHNg7zIZWAXi3AsyIzA3n4xx7aNyjwC2VJldO2LMVDhFK+63xGqq6CsJH4rTAt6/M+N4GhZiDYPx9eUw==
  dependencies:
    loose-envify "^1.1.0"

source-map-js@^1.0.1:
  version "1.0.2"
  resolved "https://registry.yarnpkg.com/source-map-js/-/source-map-js-1.0.2.tgz#adbc361d9c62df380125e7f161f71c826f1e490c"
  integrity sha512-R0XvVJ9WusLiqTCEiGCmICCMplcCkIwwR11mOSD9CR5u+IXYdiseeEuXCVAjS54zqwkLcPNnmU4OeJ6tUrWhDw==

styled-jsx@5.0.2:
  version "5.0.2"
  resolved "https://registry.yarnpkg.com/styled-jsx/-/styled-jsx-5.0.2.tgz#ff230fd593b737e9e68b630a694d460425478729"
  integrity sha512-LqPQrbBh3egD57NBcHET4qcgshPks+yblyhPlH2GY8oaDgKs8SK4C3dBh3oSJjgzJ3G5t1SYEZGHkP+QEpX9EQ==

tslib@^2.4.0:
  version "2.4.0"
  resolved "https://registry.yarnpkg.com/tslib/-/tslib-2.4.0.tgz#7cecaa7f073ce680a05847aa77be941098f36dc3"
  integrity sha512-d6xOpEDfsi2CZVlPQzGeux8XMwLT9hssAsaPYExaQMuYskwb+x1x7J371tWlbBdWHroy99KnVB6qIkUbs5X3UQ==

typescript@^4.7.4:
  version "4.7.4"
  resolved "https://registry.yarnpkg.com/typescript/-/typescript-4.7.4.tgz#1a88596d1cf47d59507a1bcdfb5b9dfe4d488235"
  integrity sha512-C0WQT0gezHuw6AdY1M2jxUO83Rjf0HP7Sk1DtXj6j1EwkQNZrHAg2XPWlq62oqEhYvONq5pkC2Y9oPljWToLmQ==

use-sync-external-store@1.1.0:
  version "1.1.0"
  resolved "https://registry.yarnpkg.com/use-sync-external-store/-/use-sync-external-store-1.1.0.tgz#3343c3fe7f7e404db70f8c687adf5c1652d34e82"
  integrity sha512-SEnieB2FPKEVne66NpXPd1Np4R1lTNKfjuy3XdIoPQKYBAFdzbzSZlSn1KJZUiihQLQC5Znot4SBz1EOTBwQAQ==
